
Microsoft Visual Studio Solution File, Format Version 12.00
# Visual Studio Version 16
VisualStudioVersion = 16.0.32407.337
MinimumVisualStudioVersion = 10.0.40219.1
Project("{9A19103F-16F7-4668-BE54-9A1E7A4F7556}") = "Cafetaria.Common.Pages", "SchoolCafetaria\Cafetaria.Common.Pages.csproj", "{2F72F366-4B69-48D6-AC66-067DECA2994B}"
EndProject
Project("{9A19103F-16F7-4668-BE54-9A1E7A4F7556}") = "Cafetarea.Common.Library", "Cafetarea.Common.Library\Cafetarea.Common.Library.csproj", "{E7C98990-F850-403A-A1D1-766BD5784556}"
EndProject
Project("{9A19103F-16F7-4668-BE54-9A1E7A4F7556}") = "Cafetaria.Common.Tests", "Cafetaria.Common.Tests\Cafetaria.Common.Tests.csproj", "{C6F89107-6DE0-4121-A2F5-F4BBA04014B6}"
EndProject
Project("{9A19103F-16F7-4668-BE54-9A1E7A4F7556}") = "Cafetaria.Common.Helpers", "Cafetaria.Common.Interfaces\Cafetaria.Common.Helpers.csproj", "{E00351C8-F84D-41CA-B4BC-DF08368B3E9E}"
EndProject
Project("{9A19103F-16F7-4668-BE54-9A1E7A4F7556}") = "Cafetaria.Selenium.Library", "Cafetaria.Selenium.Library\Cafetaria.Selenium.Library.csproj", "{61820634-118F-4C5F-90BF-8DB7DAD49A20}"
EndProject
Global
	GlobalSection(SolutionConfigurationPlatforms) = preSolution
		Debug|Any CPU = Debug|Any CPU
		Release|Any CPU = Release|Any CPU
	EndGlobalSection
	GlobalSection(ProjectConfigurationPlatforms) = postSolution
		{2F72F366-4B69-48D6-AC66-067DECA2994B}.Debug|Any CPU.ActiveCfg = Debug|Any CPU
		{2F72F366-4B69-48D6-AC66-067DECA2994B}.Debug|Any CPU.Build.0 = Debug|Any CPU
		{2F72F366-4B69-48D6-AC66-067DECA2994B}.Release|Any CPU.ActiveCfg = Release|Any CPU
		{2F72F366-4B69-48D6-AC66-067DECA2994B}.Release|Any CPU.Build.0 = Release|Any CPU
		{E7C98990-F850-403A-A1D1-766BD5784556}.Debug|Any CPU.ActiveCfg = Debug|Any CPU
		{E7C98990-F850-403A-A1D1-766BD5784556}.Debug|Any CPU.Build.0 = Debug|Any CPU
		{E7C98990-F850-403A-A1D1-766BD5784556}.Release|Any CPU.ActiveCfg = Release|Any CPU
		{E7C98990-F850-403A-A1D1-766BD5784556}.Release|Any CPU.Build.0 = Release|Any CPU
		{C6F89107-6DE0-4121-A2F5-F4BBA04014B6}.Debug|Any CPU.ActiveCfg = Debug|Any CPU
		{C6F89107-6DE0-4121-A2F5-F4BBA04014B6}.Debug|Any CPU.Build.0 = Debug|Any CPU
		{C6F89107-6DE0-4121-A2F5-F4BBA04014B6}.Release|Any CPU.ActiveCfg = Release|Any CPU
		{C6F89107-6DE0-4121-A2F5-F4BBA04014B6}.Release|Any CPU.Build.0 = Release|Any CPU
		{E00351C8-F84D-41CA-B4BC-DF08368B3E9E}.Debug|Any CPU.ActiveCfg = Debug|Any CPU
		{E00351C8-F84D-41CA-B4BC-DF08368B3E9E}.Debug|Any CPU.Build.0 = Debug|Any CPU
		{E00351C8-F84D-41CA-B4BC-DF08368B3E9E}.Release|Any CPU.ActiveCfg = Release|Any CPU
		{E00351C8-F84D-41CA-B4BC-DF08368B3E9E}.Release|Any CPU.Build.0 = Release|Any CPU
		{61820634-118F-4C5F-90BF-8DB7DAD49A20}.Debug|Any CPU.ActiveCfg = Debug|Any CPU
		{61820634-118F-4C5F-90BF-8DB7DAD49A20}.Debug|Any CPU.Build.0 = Debug|Any CPU
		{61820634-118F-4C5F-90BF-8DB7DAD49A20}.Release|Any CPU.ActiveCfg = Release|Any CPU
		{61820634-118F-4C5F-90BF-8DB7DAD49A20}.Release|Any CPU.Build.0 = Release|Any CPU
	EndGlobalSection
	GlobalSection(SolutionProperties) = preSolution
		HideSolutionNode = FALSE
	EndGlobalSection
	GlobalSection(ExtensibilityGlobals) = postSolution
		SolutionGuid = {7929B633-C102-4DA5-B5C1-7064B5B0FD60}
	EndGlobalSection
EndGlobal
